// !$*UTF8*$!
{
	archiveVersion = 1;
	classes = {
	};
	objectVersion = 46;
	objects = {

/* Begin PBXBuildFile section */
		23C219A71BFAA4FD000F05C1 /* WordSupplier.swift in Sources */ = {isa = PBXBuildFile; fileRef = 23C219A61BFAA4FD000F05C1 /* WordSupplier.swift */; };
		23C219A91BFAA7A5000F05C1 /* CannedWord.swift in Sources */ = {isa = PBXBuildFile; fileRef = 23C219A81BFAA7A5000F05C1 /* CannedWord.swift */; };
		84366C761BFC4BB4007AA902 /* CannedWordTests.swift in Sources */ = {isa = PBXBuildFile; fileRef = 84366C751BFC4BB4007AA902 /* CannedWordTests.swift */; };
		84A2B5951BD9A2E000AC1FE9 /* MemorablePasswordTests.swift in Sources */ = {isa = PBXBuildFile; fileRef = 84A2B5941BD9A2E000AC1FE9 /* MemorablePasswordTests.swift */; };
		84A89E6A1C1206F3000842D7 /* CopyButton.swift in Sources */ = {isa = PBXBuildFile; fileRef = 84A89E691C1206F3000842D7 /* CopyButton.swift */; };
		84A93C6E1BD5C16100A3FD43 /* AppDelegate.swift in Sources */ = {isa = PBXBuildFile; fileRef = 84A93C6D1BD5C16100A3FD43 /* AppDelegate.swift */; };
		84A93C701BD5C16100A3FD43 /* ViewController.swift in Sources */ = {isa = PBXBuildFile; fileRef = 84A93C6F1BD5C16100A3FD43 /* ViewController.swift */; };
		84A93C731BD5C16100A3FD43 /* Main.storyboard in Resources */ = {isa = PBXBuildFile; fileRef = 84A93C711BD5C16100A3FD43 /* Main.storyboard */; };
		84A93C751BD5C16100A3FD43 /* Assets.xcassets in Resources */ = {isa = PBXBuildFile; fileRef = 84A93C741BD5C16100A3FD43 /* Assets.xcassets */; };
		84A93C781BD5C16100A3FD43 /* LaunchScreen.storyboard in Resources */ = {isa = PBXBuildFile; fileRef = 84A93C761BD5C16100A3FD43 /* LaunchScreen.storyboard */; };
		84A93C831BD5C16100A3FD43 /* SecurePasswordTests.swift in Sources */ = {isa = PBXBuildFile; fileRef = 84A93C821BD5C16100A3FD43 /* SecurePasswordTests.swift */; };
		84A93C9C1BD5C35600A3FD43 /* MemorablePasswordFactory.swift in Sources */ = {isa = PBXBuildFile; fileRef = 84A93C9B1BD5C35600A3FD43 /* MemorablePasswordFactory.swift */; };
		84A93C9E1BD5C39200A3FD43 /* SecurePasswordFactory.swift in Sources */ = {isa = PBXBuildFile; fileRef = 84A93C9D1BD5C39200A3FD43 /* SecurePasswordFactory.swift */; };
		84F74DCA1C11147500B7C22A /* BorderedButton.swift in Sources */ = {isa = PBXBuildFile; fileRef = 84F74DC91C11147500B7C22A /* BorderedButton.swift */; };
		89A4B8CE7D0C8C210F94F360 /* Pods.framework in Frameworks */ = {isa = PBXBuildFile; fileRef = 16F435DD8252C55A2A3C4852 /* Pods.framework */; };
		A031D45C1BFC3DAA00A4AC76 /* RandomWordFactory.swift in Sources */ = {isa = PBXBuildFile; fileRef = A031D45B1BFC3DAA00A4AC76 /* RandomWordFactory.swift */; };
		A031D45E1BFC3DD200A4AC76 /* CryptoswiftWrapper.swift in Sources */ = {isa = PBXBuildFile; fileRef = A031D45D1BFC3DD200A4AC76 /* CryptoswiftWrapper.swift */; };
		A031D4601BFC42E000A4AC76 /* CryptoswiftWrapperTests.swift in Sources */ = {isa = PBXBuildFile; fileRef = A031D45F1BFC42E000A4AC76 /* CryptoswiftWrapperTests.swift */; };
		A0E554D91C19165C00EBD091 /* UI in Resources */ = {isa = PBXBuildFile; fileRef = A0E554D81C19165C00EBD091 /* UI */; };
/* End PBXBuildFile section */

/* Begin PBXContainerItemProxy section */
		84A93C7F1BD5C16100A3FD43 /* PBXContainerItemProxy */ = {
			isa = PBXContainerItemProxy;
			containerPortal = 84A93C621BD5C16100A3FD43 /* Project object */;
			proxyType = 1;
			remoteGlobalIDString = 84A93C691BD5C16100A3FD43;
			remoteInfo = PasswordGenerator;
		};
		84A93C8A1BD5C16100A3FD43 /* PBXContainerItemProxy */ = {
			isa = PBXContainerItemProxy;
			containerPortal = 84A93C621BD5C16100A3FD43 /* Project object */;
			proxyType = 1;
			remoteGlobalIDString = 84A93C691BD5C16100A3FD43;
			remoteInfo = PasswordGenerator;
		};
/* End PBXContainerItemProxy section */

/* Begin PBXFileReference section */
		144EF8475D42D05B52FA297F /* Pods.debug.xcconfig */ = {isa = PBXFileReference; includeInIndex = 1; lastKnownFileType = text.xcconfig; name = Pods.debug.xcconfig; path = "Pods/Target Support Files/Pods/Pods.debug.xcconfig"; sourceTree = "<group>"; };
		16F435DD8252C55A2A3C4852 /* Pods.framework */ = {isa = PBXFileReference; explicitFileType = wrapper.framework; includeInIndex = 0; path = Pods.framework; sourceTree = BUILT_PRODUCTS_DIR; };
		23C219A61BFAA4FD000F05C1 /* WordSupplier.swift */ = {isa = PBXFileReference; fileEncoding = 4; lastKnownFileType = sourcecode.swift; path = WordSupplier.swift; sourceTree = "<group>"; };
		23C219A81BFAA7A5000F05C1 /* CannedWord.swift */ = {isa = PBXFileReference; fileEncoding = 4; lastKnownFileType = sourcecode.swift; path = CannedWord.swift; sourceTree = "<group>"; };
		84366C751BFC4BB4007AA902 /* CannedWordTests.swift */ = {isa = PBXFileReference; fileEncoding = 4; lastKnownFileType = sourcecode.swift; path = CannedWordTests.swift; sourceTree = "<group>"; };
		84A2B5941BD9A2E000AC1FE9 /* MemorablePasswordTests.swift */ = {isa = PBXFileReference; fileEncoding = 4; lastKnownFileType = sourcecode.swift; path = MemorablePasswordTests.swift; sourceTree = "<group>"; };
		84A89E691C1206F3000842D7 /* CopyButton.swift */ = {isa = PBXFileReference; fileEncoding = 4; lastKnownFileType = sourcecode.swift; name = CopyButton.swift; path = UI/CopyButton.swift; sourceTree = "<group>"; };
		84A93C6A1BD5C16100A3FD43 /* PasswordGenerator.app */ = {isa = PBXFileReference; explicitFileType = wrapper.application; includeInIndex = 0; path = PasswordGenerator.app; sourceTree = BUILT_PRODUCTS_DIR; };
		84A93C6D1BD5C16100A3FD43 /* AppDelegate.swift */ = {isa = PBXFileReference; lastKnownFileType = sourcecode.swift; path = AppDelegate.swift; sourceTree = "<group>"; };
		84A93C6F1BD5C16100A3FD43 /* ViewController.swift */ = {isa = PBXFileReference; lastKnownFileType = sourcecode.swift; name = ViewController.swift; path = UI/ViewController.swift; sourceTree = "<group>"; };
		84A93C721BD5C16100A3FD43 /* Base */ = {isa = PBXFileReference; lastKnownFileType = file.storyboard; name = Base; path = Base.lproj/Main.storyboard; sourceTree = "<group>"; };
		84A93C741BD5C16100A3FD43 /* Assets.xcassets */ = {isa = PBXFileReference; lastKnownFileType = folder.assetcatalog; path = Assets.xcassets; sourceTree = "<group>"; };
		84A93C771BD5C16100A3FD43 /* Base */ = {isa = PBXFileReference; lastKnownFileType = file.storyboard; name = Base; path = Base.lproj/LaunchScreen.storyboard; sourceTree = "<group>"; };
		84A93C791BD5C16100A3FD43 /* Info.plist */ = {isa = PBXFileReference; lastKnownFileType = text.plist.xml; path = Info.plist; sourceTree = "<group>"; };
		84A93C7E1BD5C16100A3FD43 /* PasswordGeneratorTests.xctest */ = {isa = PBXFileReference; explicitFileType = wrapper.cfbundle; includeInIndex = 0; path = PasswordGeneratorTests.xctest; sourceTree = BUILT_PRODUCTS_DIR; };
		84A93C821BD5C16100A3FD43 /* SecurePasswordTests.swift */ = {isa = PBXFileReference; lastKnownFileType = sourcecode.swift; path = SecurePasswordTests.swift; sourceTree = "<group>"; };
		84A93C841BD5C16100A3FD43 /* Info.plist */ = {isa = PBXFileReference; lastKnownFileType = text.plist.xml; path = Info.plist; sourceTree = "<group>"; };
		84A93C891BD5C16100A3FD43 /* PasswordGeneratorUITests.xctest */ = {isa = PBXFileReference; explicitFileType = wrapper.cfbundle; includeInIndex = 0; path = PasswordGeneratorUITests.xctest; sourceTree = BUILT_PRODUCTS_DIR; };
		84A93C9B1BD5C35600A3FD43 /* MemorablePasswordFactory.swift */ = {isa = PBXFileReference; fileEncoding = 4; lastKnownFileType = sourcecode.swift; path = MemorablePasswordFactory.swift; sourceTree = "<group>"; };
		84A93C9D1BD5C39200A3FD43 /* SecurePasswordFactory.swift */ = {isa = PBXFileReference; fileEncoding = 4; lastKnownFileType = sourcecode.swift; path = SecurePasswordFactory.swift; sourceTree = "<group>"; };
		84F74DC91C11147500B7C22A /* BorderedButton.swift */ = {isa = PBXFileReference; fileEncoding = 4; lastKnownFileType = sourcecode.swift; name = BorderedButton.swift; path = UI/BorderedButton.swift; sourceTree = "<group>"; };
		A031D45B1BFC3DAA00A4AC76 /* RandomWordFactory.swift */ = {isa = PBXFileReference; fileEncoding = 4; lastKnownFileType = sourcecode.swift; path = RandomWordFactory.swift; sourceTree = "<group>"; };
		A031D45D1BFC3DD200A4AC76 /* CryptoswiftWrapper.swift */ = {isa = PBXFileReference; fileEncoding = 4; lastKnownFileType = sourcecode.swift; path = CryptoswiftWrapper.swift; sourceTree = "<group>"; };
		A031D45F1BFC42E000A4AC76 /* CryptoswiftWrapperTests.swift */ = {isa = PBXFileReference; fileEncoding = 4; lastKnownFileType = sourcecode.swift; path = CryptoswiftWrapperTests.swift; sourceTree = "<group>"; };
		A0E554D81C19165C00EBD091 /* UI */ = {isa = PBXFileReference; lastKnownFileType = folder; path = UI; sourceTree = "<group>"; };
		F58E698204E87E35C5328295 /* Pods.release.xcconfig */ = {isa = PBXFileReference; includeInIndex = 1; lastKnownFileType = text.xcconfig; name = Pods.release.xcconfig; path = "Pods/Target Support Files/Pods/Pods.release.xcconfig"; sourceTree = "<group>"; };
/* End PBXFileReference section */

/* Begin PBXFrameworksBuildPhase section */
		84A93C671BD5C16100A3FD43 /* Frameworks */ = {
			isa = PBXFrameworksBuildPhase;
			buildActionMask = 2147483647;
			files = (
				89A4B8CE7D0C8C210F94F360 /* Pods.framework in Frameworks */,
			);
			runOnlyForDeploymentPostprocessing = 0;
		};
		84A93C7B1BD5C16100A3FD43 /* Frameworks */ = {
			isa = PBXFrameworksBuildPhase;
			buildActionMask = 2147483647;
			files = (
			);
			runOnlyForDeploymentPostprocessing = 0;
		};
		84A93C861BD5C16100A3FD43 /* Frameworks */ = {
			isa = PBXFrameworksBuildPhase;
			buildActionMask = 2147483647;
			files = (
			);
			runOnlyForDeploymentPostprocessing = 0;
		};
/* End PBXFrameworksBuildPhase section */

/* Begin PBXGroup section */
		8427E3841C121EAA0043396C /* UI Objects */ = {
			isa = PBXGroup;
			children = (
				84F74DC91C11147500B7C22A /* BorderedButton.swift */,
				84A89E691C1206F3000842D7 /* CopyButton.swift */,
			);
			name = "UI Objects";
			sourceTree = "<group>";
		};
		84A93C611BD5C16100A3FD43 = {
			isa = PBXGroup;
			children = (
				84A93C6C1BD5C16100A3FD43 /* PasswordGenerator */,
				84A93C811BD5C16100A3FD43 /* PasswordGeneratorTests */,
				84A93C6B1BD5C16100A3FD43 /* Products */,
				88588E6FC0E314593A0C4DC4 /* Pods */,
				8B9A64B8727647F6D986C8C6 /* Frameworks */,
			);
			sourceTree = "<group>";
		};
		84A93C6B1BD5C16100A3FD43 /* Products */ = {
			isa = PBXGroup;
			children = (
				84A93C6A1BD5C16100A3FD43 /* PasswordGenerator.app */,
				84A93C7E1BD5C16100A3FD43 /* PasswordGeneratorTests.xctest */,
				84A93C891BD5C16100A3FD43 /* PasswordGeneratorUITests.xctest */,
			);
			name = Products;
			sourceTree = "<group>";
		};
		84A93C6C1BD5C16100A3FD43 /* PasswordGenerator */ = {
			isa = PBXGroup;
			children = (
				A0E554D81C19165C00EBD091 /* UI */,
				8427E3841C121EAA0043396C /* UI Objects */,
				A031D45D1BFC3DD200A4AC76 /* CryptoswiftWrapper.swift */,
				A031D45B1BFC3DAA00A4AC76 /* RandomWordFactory.swift */,
				84A93C6D1BD5C16100A3FD43 /* AppDelegate.swift */,
				84A93C6F1BD5C16100A3FD43 /* ViewController.swift */,
				84A93C9B1BD5C35600A3FD43 /* MemorablePasswordFactory.swift */,
				84A93C9D1BD5C39200A3FD43 /* SecurePasswordFactory.swift */,
				84A93C711BD5C16100A3FD43 /* Main.storyboard */,
				84A93C741BD5C16100A3FD43 /* Assets.xcassets */,
				84A93C761BD5C16100A3FD43 /* LaunchScreen.storyboard */,
				84A93C791BD5C16100A3FD43 /* Info.plist */,
				23C219A61BFAA4FD000F05C1 /* WordSupplier.swift */,
				23C219A81BFAA7A5000F05C1 /* CannedWord.swift */,
			);
			path = PasswordGenerator;
			sourceTree = "<group>";
		};
		84A93C811BD5C16100A3FD43 /* PasswordGeneratorTests */ = {
			isa = PBXGroup;
			children = (
				A031D45F1BFC42E000A4AC76 /* CryptoswiftWrapperTests.swift */,
				84A93C821BD5C16100A3FD43 /* SecurePasswordTests.swift */,
				84A2B5941BD9A2E000AC1FE9 /* MemorablePasswordTests.swift */,
				84366C751BFC4BB4007AA902 /* CannedWordTests.swift */,
				84A93C841BD5C16100A3FD43 /* Info.plist */,
			);
			path = PasswordGeneratorTests;
			sourceTree = "<group>";
		};
		88588E6FC0E314593A0C4DC4 /* Pods */ = {
			isa = PBXGroup;
			children = (
				144EF8475D42D05B52FA297F /* Pods.debug.xcconfig */,
				F58E698204E87E35C5328295 /* Pods.release.xcconfig */,
			);
			name = Pods;
			sourceTree = "<group>";
		};
		8B9A64B8727647F6D986C8C6 /* Frameworks */ = {
			isa = PBXGroup;
			children = (
				16F435DD8252C55A2A3C4852 /* Pods.framework */,
			);
			name = Frameworks;
			sourceTree = "<group>";
		};
/* End PBXGroup section */

/* Begin PBXNativeTarget section */
		84A93C691BD5C16100A3FD43 /* PasswordGenerator */ = {
			isa = PBXNativeTarget;
			buildConfigurationList = 84A93C921BD5C16100A3FD43 /* Build configuration list for PBXNativeTarget "PasswordGenerator" */;
			buildPhases = (
				452B8514D807BB0C180CDFCE /* Check Pods Manifest.lock */,
				84A93C661BD5C16100A3FD43 /* Sources */,
				84A93C671BD5C16100A3FD43 /* Frameworks */,
				84A93C681BD5C16100A3FD43 /* Resources */,
				8484E926E0E53D7C5EE5C3F6 /* Embed Pods Frameworks */,
				219E8FA077115D2324E0C6F3 /* Copy Pods Resources */,
			);
			buildRules = (
			);
			dependencies = (
			);
			name = PasswordGenerator;
			productName = PasswordGenerator;
			productReference = 84A93C6A1BD5C16100A3FD43 /* PasswordGenerator.app */;
			productType = "com.apple.product-type.application";
		};
		84A93C7D1BD5C16100A3FD43 /* PasswordGeneratorTests */ = {
			isa = PBXNativeTarget;
			buildConfigurationList = 84A93C951BD5C16100A3FD43 /* Build configuration list for PBXNativeTarget "PasswordGeneratorTests" */;
			buildPhases = (
				84A93C7A1BD5C16100A3FD43 /* Sources */,
				84A93C7B1BD5C16100A3FD43 /* Frameworks */,
				84A93C7C1BD5C16100A3FD43 /* Resources */,
			);
			buildRules = (
			);
			dependencies = (
				84A93C801BD5C16100A3FD43 /* PBXTargetDependency */,
			);
			name = PasswordGeneratorTests;
			productName = PasswordGeneratorTests;
			productReference = 84A93C7E1BD5C16100A3FD43 /* PasswordGeneratorTests.xctest */;
			productType = "com.apple.product-type.bundle.unit-test";
		};
		84A93C881BD5C16100A3FD43 /* PasswordGeneratorUITests */ = {
			isa = PBXNativeTarget;
			buildConfigurationList = 84A93C981BD5C16100A3FD43 /* Build configuration list for PBXNativeTarget "PasswordGeneratorUITests" */;
			buildPhases = (
				84A93C851BD5C16100A3FD43 /* Sources */,
				84A93C861BD5C16100A3FD43 /* Frameworks */,
				84A93C871BD5C16100A3FD43 /* Resources */,
			);
			buildRules = (
			);
			dependencies = (
				84A93C8B1BD5C16100A3FD43 /* PBXTargetDependency */,
			);
			name = PasswordGeneratorUITests;
			productName = PasswordGeneratorUITests;
			productReference = 84A93C891BD5C16100A3FD43 /* PasswordGeneratorUITests.xctest */;
			productType = "com.apple.product-type.bundle.ui-testing";
		};
/* End PBXNativeTarget section */

/* Begin PBXProject section */
		84A93C621BD5C16100A3FD43 /* Project object */ = {
			isa = PBXProject;
			attributes = {
				LastUpgradeCheck = 0700;
				ORGANIZATIONNAME = "Rachel Harvey";
				TargetAttributes = {
					84A93C691BD5C16100A3FD43 = {
						CreatedOnToolsVersion = 7.0.1;
					};
					84A93C7D1BD5C16100A3FD43 = {
						CreatedOnToolsVersion = 7.0.1;
						TestTargetID = 84A93C691BD5C16100A3FD43;
					};
					84A93C881BD5C16100A3FD43 = {
						CreatedOnToolsVersion = 7.0.1;
						TestTargetID = 84A93C691BD5C16100A3FD43;
					};
				};
			};
			buildConfigurationList = 84A93C651BD5C16100A3FD43 /* Build configuration list for PBXProject "PasswordGenerator" */;
			compatibilityVersion = "Xcode 3.2";
			developmentRegion = English;
			hasScannedForEncodings = 0;
			knownRegions = (
				en,
				Base,
			);
			mainGroup = 84A93C611BD5C16100A3FD43;
			productRefGroup = 84A93C6B1BD5C16100A3FD43 /* Products */;
			projectDirPath = "";
			projectRoot = "";
			targets = (
				84A93C691BD5C16100A3FD43 /* PasswordGenerator */,
				84A93C7D1BD5C16100A3FD43 /* PasswordGeneratorTests */,
				84A93C881BD5C16100A3FD43 /* PasswordGeneratorUITests */,
			);
		};
/* End PBXProject section */

/* Begin PBXResourcesBuildPhase section */
		84A93C681BD5C16100A3FD43 /* Resources */ = {
			isa = PBXResourcesBuildPhase;
			buildActionMask = 2147483647;
			files = (
				A0E554D91C19165C00EBD091 /* UI in Resources */,
				84A93C781BD5C16100A3FD43 /* LaunchScreen.storyboard in Resources */,
				84A93C751BD5C16100A3FD43 /* Assets.xcassets in Resources */,
				84A93C731BD5C16100A3FD43 /* Main.storyboard in Resources */,
			);
			runOnlyForDeploymentPostprocessing = 0;
		};
		84A93C7C1BD5C16100A3FD43 /* Resources */ = {
			isa = PBXResourcesBuildPhase;
			buildActionMask = 2147483647;
			files = (
			);
			runOnlyForDeploymentPostprocessing = 0;
		};
		84A93C871BD5C16100A3FD43 /* Resources */ = {
			isa = PBXResourcesBuildPhase;
			buildActionMask = 2147483647;
			files = (
			);
			runOnlyForDeploymentPostprocessing = 0;
		};
/* End PBXResourcesBuildPhase section */

/* Begin PBXShellScriptBuildPhase section */
		219E8FA077115D2324E0C6F3 /* Copy Pods Resources */ = {
			isa = PBXShellScriptBuildPhase;
			buildActionMask = 2147483647;
			files = (
			);
			inputPaths = (
			);
			name = "Copy Pods Resources";
			outputPaths = (
			);
			runOnlyForDeploymentPostprocessing = 0;
			shellPath = /bin/sh;
			shellScript = "\"${SRCROOT}/Pods/Target Support Files/Pods/Pods-resources.sh\"\n";
			showEnvVarsInLog = 0;
		};
		452B8514D807BB0C180CDFCE /* Check Pods Manifest.lock */ = {
			isa = PBXShellScriptBuildPhase;
			buildActionMask = 2147483647;
			files = (
			);
			inputPaths = (
			);
			name = "Check Pods Manifest.lock";
			outputPaths = (
			);
			runOnlyForDeploymentPostprocessing = 0;
			shellPath = /bin/sh;
			shellScript = "diff \"${PODS_ROOT}/../Podfile.lock\" \"${PODS_ROOT}/Manifest.lock\" > /dev/null\nif [[ $? != 0 ]] ; then\n    cat << EOM\nerror: The sandbox is not in sync with the Podfile.lock. Run 'pod install' or update your CocoaPods installation.\nEOM\n    exit 1\nfi\n";
			showEnvVarsInLog = 0;
		};
		8484E926E0E53D7C5EE5C3F6 /* Embed Pods Frameworks */ = {
			isa = PBXShellScriptBuildPhase;
			buildActionMask = 2147483647;
			files = (
			);
			inputPaths = (
			);
			name = "Embed Pods Frameworks";
			outputPaths = (
			);
			runOnlyForDeploymentPostprocessing = 0;
			shellPath = /bin/sh;
			shellScript = "\"${SRCROOT}/Pods/Target Support Files/Pods/Pods-frameworks.sh\"\n";
			showEnvVarsInLog = 0;
		};
/* End PBXShellScriptBuildPhase section */

/* Begin PBXSourcesBuildPhase section */
		84A93C661BD5C16100A3FD43 /* Sources */ = {
			isa = PBXSourcesBuildPhase;
			buildActionMask = 2147483647;
			files = (
				23C219A91BFAA7A5000F05C1 /* CannedWord.swift in Sources */,
				84A93C9C1BD5C35600A3FD43 /* MemorablePasswordFactory.swift in Sources */,
				84A89E6A1C1206F3000842D7 /* CopyButton.swift in Sources */,
				84F74DCA1C11147500B7C22A /* BorderedButton.swift in Sources */,
				A031D45E1BFC3DD200A4AC76 /* CryptoswiftWrapper.swift in Sources */,
				84A93C9E1BD5C39200A3FD43 /* SecurePasswordFactory.swift in Sources */,
				84A93C701BD5C16100A3FD43 /* ViewController.swift in Sources */,
				84A93C6E1BD5C16100A3FD43 /* AppDelegate.swift in Sources */,
				A031D45C1BFC3DAA00A4AC76 /* RandomWordFactory.swift in Sources */,
				23C219A71BFAA4FD000F05C1 /* WordSupplier.swift in Sources */,
			);
			runOnlyForDeploymentPostprocessing = 0;
		};
		84A93C7A1BD5C16100A3FD43 /* Sources */ = {
			isa = PBXSourcesBuildPhase;
			buildActionMask = 2147483647;
			files = (
				84366C761BFC4BB4007AA902 /* CannedWordTests.swift in Sources */,
				A031D4601BFC42E000A4AC76 /* CryptoswiftWrapperTests.swift in Sources */,
				84A93C831BD5C16100A3FD43 /* SecurePasswordTests.swift in Sources */,
				84A2B5951BD9A2E000AC1FE9 /* MemorablePasswordTests.swift in Sources */,
			);
			runOnlyForDeploymentPostprocessing = 0;
		};
		84A93C851BD5C16100A3FD43 /* Sources */ = {
			isa = PBXSourcesBuildPhase;
			buildActionMask = 2147483647;
			files = (
			);
			runOnlyForDeploymentPostprocessing = 0;
		};
/* End PBXSourcesBuildPhase section */

/* Begin PBXTargetDependency section */
		84A93C801BD5C16100A3FD43 /* PBXTargetDependency */ = {
			isa = PBXTargetDependency;
			target = 84A93C691BD5C16100A3FD43 /* PasswordGenerator */;
			targetProxy = 84A93C7F1BD5C16100A3FD43 /* PBXContainerItemProxy */;
		};
		84A93C8B1BD5C16100A3FD43 /* PBXTargetDependency */ = {
			isa = PBXTargetDependency;
			target = 84A93C691BD5C16100A3FD43 /* PasswordGenerator */;
			targetProxy = 84A93C8A1BD5C16100A3FD43 /* PBXContainerItemProxy */;
		};
/* End PBXTargetDependency section */

/* Begin PBXVariantGroup section */
		84A93C711BD5C16100A3FD43 /* Main.storyboard */ = {
			isa = PBXVariantGroup;
			children = (
				84A93C721BD5C16100A3FD43 /* Base */,
			);
			name = Main.storyboard;
			sourceTree = "<group>";
		};
		84A93C761BD5C16100A3FD43 /* LaunchScreen.storyboard */ = {
			isa = PBXVariantGroup;
			children = (
				84A93C771BD5C16100A3FD43 /* Base */,
			);
			name = LaunchScreen.storyboard;
			sourceTree = "<group>";
		};
/* End PBXVariantGroup section */

/* Begin XCBuildConfiguration section */
		84A93C901BD5C16100A3FD43 /* Debug */ = {
			isa = XCBuildConfiguration;
			buildSettings = {
				ALWAYS_SEARCH_USER_PATHS = NO;
				CLANG_CXX_LANGUAGE_STANDARD = "gnu++0x";
				CLANG_CXX_LIBRARY = "libc++";
				CLANG_ENABLE_MODULES = YES;
				CLANG_ENABLE_OBJC_ARC = YES;
				CLANG_WARN_BOOL_CONVERSION = YES;
				CLANG_WARN_CONSTANT_CONVERSION = YES;
				CLANG_WARN_DIRECT_OBJC_ISA_USAGE = YES_ERROR;
				CLANG_WARN_EMPTY_BODY = YES;
				CLANG_WARN_ENUM_CONVERSION = YES;
				CLANG_WARN_INT_CONVERSION = YES;
				CLANG_WARN_OBJC_ROOT_CLASS = YES_ERROR;
				CLANG_WARN_UNREACHABLE_CODE = YES;
				CLANG_WARN__DUPLICATE_METHOD_MATCH = YES;
				"CODE_SIGN_IDENTITY[sdk=iphoneos*]" = "iPhone Developer";
				COPY_PHASE_STRIP = NO;
				DEBUG_INFORMATION_FORMAT = dwarf;
				ENABLE_STRICT_OBJC_MSGSEND = YES;
				ENABLE_TESTABILITY = YES;
				GCC_C_LANGUAGE_STANDARD = gnu99;
				GCC_DYNAMIC_NO_PIC = NO;
				GCC_NO_COMMON_BLOCKS = YES;
				GCC_OPTIMIZATION_LEVEL = 0;
				GCC_PREPROCESSOR_DEFINITIONS = (
					"DEBUG=1",
					"$(inherited)",
				);
				GCC_WARN_64_TO_32_BIT_CONVERSION = YES;
				GCC_WARN_ABOUT_RETURN_TYPE = YES_ERROR;
				GCC_WARN_UNDECLARED_SELECTOR = YES;
				GCC_WARN_UNINITIALIZED_AUTOS = YES_AGGRESSIVE;
				GCC_WARN_UNUSED_FUNCTION = YES;
				GCC_WARN_UNUSED_VARIABLE = YES;
				IPHONEOS_DEPLOYMENT_TARGET = 9.0;
				MTL_ENABLE_DEBUG_INFO = YES;
				ONLY_ACTIVE_ARCH = YES;
				SDKROOT = iphoneos;
				SWIFT_OPTIMIZATION_LEVEL = "-Onone";
				TARGETED_DEVICE_FAMILY = "1,2";
			};
			name = Debug;
		};
		84A93C911BD5C16100A3FD43 /* Release */ = {
			isa = XCBuildConfiguration;
			buildSettings = {
				ALWAYS_SEARCH_USER_PATHS = NO;
				CLANG_CXX_LANGUAGE_STANDARD = "gnu++0x";
				CLANG_CXX_LIBRARY = "libc++";
				CLANG_ENABLE_MODULES = YES;
				CLANG_ENABLE_OBJC_ARC = YES;
				CLANG_WARN_BOOL_CONVERSION = YES;
				CLANG_WARN_CONSTANT_CONVERSION = YES;
				CLANG_WARN_DIRECT_OBJC_ISA_USAGE = YES_ERROR;
				CLANG_WARN_EMPTY_BODY = YES;
				CLANG_WARN_ENUM_CONVERSION = YES;
				CLANG_WARN_INT_CONVERSION = YES;
				CLANG_WARN_OBJC_ROOT_CLASS = YES_ERROR;
				CLANG_WARN_UNREACHABLE_CODE = YES;
				CLANG_WARN__DUPLICATE_METHOD_MATCH = YES;
				"CODE_SIGN_IDENTITY[sdk=iphoneos*]" = "iPhone Developer";
				COPY_PHASE_STRIP = NO;
				DEBUG_INFORMATION_FORMAT = "dwarf-with-dsym";
				ENABLE_NS_ASSERTIONS = NO;
				ENABLE_STRICT_OBJC_MSGSEND = YES;
				GCC_C_LANGUAGE_STANDARD = gnu99;
				GCC_NO_COMMON_BLOCKS = YES;
				GCC_WARN_64_TO_32_BIT_CONVERSION = YES;
				GCC_WARN_ABOUT_RETURN_TYPE = YES_ERROR;
				GCC_WARN_UNDECLARED_SELECTOR = YES;
				GCC_WARN_UNINITIALIZED_AUTOS = YES_AGGRESSIVE;
				GCC_WARN_UNUSED_FUNCTION = YES;
				GCC_WARN_UNUSED_VARIABLE = YES;
				IPHONEOS_DEPLOYMENT_TARGET = 9.0;
				MTL_ENABLE_DEBUG_INFO = NO;
				SDKROOT = iphoneos;
				TARGETED_DEVICE_FAMILY = "1,2";
				VALIDATE_PRODUCT = YES;
			};
			name = Release;
		};
		84A93C931BD5C16100A3FD43 /* Debug */ = {
			isa = XCBuildConfiguration;
			baseConfigurationReference = 144EF8475D42D05B52FA297F /* Pods.debug.xcconfig */;
			buildSettings = {
				ASSETCATALOG_COMPILER_APPICON_NAME = AppIcon;
				INFOPLIST_FILE = PasswordGenerator/Info.plist;
				LD_RUNPATH_SEARCH_PATHS = "$(inherited) @executable_path/Frameworks";
				PRODUCT_BUNDLE_IDENTIFIER = CS222.group13.PasswordGenerator;
				PRODUCT_NAME = "$(TARGET_NAME)";
			};
			name = Debug;
		};
		84A93C941BD5C16100A3FD43 /* Release */ = {
			isa = XCBuildConfiguration;
			baseConfigurationReference = F58E698204E87E35C5328295 /* Pods.release.xcconfig */;
			buildSettings = {
				ASSETCATALOG_COMPILER_APPICON_NAME = AppIcon;
				INFOPLIST_FILE = PasswordGenerator/Info.plist;
				LD_RUNPATH_SEARCH_PATHS = "$(inherited) @executable_path/Frameworks";
				PRODUCT_BUNDLE_IDENTIFIER = CS222.group13.PasswordGenerator;
				PRODUCT_NAME = "$(TARGET_NAME)";
			};
			name = Release;
		};
		84A93C961BD5C16100A3FD43 /* Debug */ = {
			isa = XCBuildConfiguration;
			buildSettings = {
				BUNDLE_LOADER = "$(TEST_HOST)";
				INFOPLIST_FILE = PasswordGeneratorTests/Info.plist;
				LD_RUNPATH_SEARCH_PATHS = "$(inherited) @executable_path/Frameworks @loader_path/Frameworks";
				PRODUCT_BUNDLE_IDENTIFIER = CS222.group13.PasswordGeneratorTests;
				PRODUCT_NAME = "$(TARGET_NAME)";
				TEST_HOST = "$(BUILT_PRODUCTS_DIR)/PasswordGenerator.app/PasswordGenerator";
			};
			name = Debug;
		};
		84A93C971BD5C16100A3FD43 /* Release */ = {
			isa = XCBuildConfiguration;
			buildSettings = {
				BUNDLE_LOADER = "$(TEST_HOST)";
				INFOPLIST_FILE = PasswordGeneratorTests/Info.plist;
				LD_RUNPATH_SEARCH_PATHS = "$(inherited) @executable_path/Frameworks @loader_path/Frameworks";
				PRODUCT_BUNDLE_IDENTIFIER = CS222.group13.PasswordGeneratorTests;
				PRODUCT_NAME = "$(TARGET_NAME)";
				TEST_HOST = "$(BUILT_PRODUCTS_DIR)/PasswordGenerator.app/PasswordGenerator";
			};
			name = Release;
		};
		84A93C991BD5C16100A3FD43 /* Debug */ = {
			isa = XCBuildConfiguration;
			buildSettings = {
				INFOPLIST_FILE = PasswordGeneratorUITests/Info.plist;
				LD_RUNPATH_SEARCH_PATHS = "$(inherited) @executable_path/Frameworks @loader_path/Frameworks";
				PRODUCT_BUNDLE_IDENTIFIER = CS222.group13.PasswordGeneratorUITests;
				PRODUCT_NAME = "$(TARGET_NAME)";
				TEST_TARGET_NAME = PasswordGenerator;
				USES_XCTRUNNER = YES;
			};
			name = Debug;
		};
		84A93C9A1BD5C16100A3FD43 /* Release */ = {
			isa = XCBuildConfiguration;
			buildSettings = {
				INFOPLIST_FILE = PasswordGeneratorUITests/Info.plist;
				LD_RUNPATH_SEARCH_PATHS = "$(inherited) @executable_path/Frameworks @loader_path/Frameworks";
				PRODUCT_BUNDLE_IDENTIFIER = CS222.group13.PasswordGeneratorUITests;
				PRODUCT_NAME = "$(TARGET_NAME)";
				TEST_TARGET_NAME = PasswordGenerator;
				USES_XCTRUNNER = YES;
			};
			name = Release;
		};
/* End XCBuildConfiguration section */

/* Begin XCConfigurationList section */
		84A93C651BD5C16100A3FD43 /* Build configuration list for PBXProject "PasswordGenerator" */ = {
			isa = XCConfigurationList;
			buildConfigurations = (
				84A93C901BD5C16100A3FD43 /* Debug */,
				84A93C911BD5C16100A3FD43 /* Release */,
			);
			defaultConfigurationIsVisible = 0;
			defaultConfigurationName = Release;
		};
		84A93C921BD5C16100A3FD43 /* Build configuration list for PBXNativeTarget "PasswordGenerator" */ = {
			isa = XCConfigurationList;
			buildConfigurations = (
				84A93C931BD5C16100A3FD43 /* Debug */,
				84A93C941BD5C16100A3FD43 /* Release */,
			);
			defaultConfigurationIsVisible = 0;
			defaultConfigurationName = Release;
		};
		84A93C951BD5C16100A3FD43 /* Build configuration list for PBXNativeTarget "PasswordGeneratorTests" */ = {
			isa = XCConfigurationList;
			buildConfigurations = (
				84A93C961BD5C16100A3FD43 /* Debug */,
				84A93C971BD5C16100A3FD43 /* Release */,
			);
			defaultConfigurationIsVisible = 0;
			defaultConfigurationName = Release;
		};
		84A93C981BD5C16100A3FD43 /* Build configuration list for PBXNativeTarget "PasswordGeneratorUITests" */ = {
			isa = XCConfigurationList;
			buildConfigurations = (
				84A93C991BD5C16100A3FD43 /* Debug */,
				84A93C9A1BD5C16100A3FD43 /* Release */,
			);
			defaultConfigurationIsVisible = 0;
			defaultConfigurationName = Release;
		};
/* End XCConfigurationList section */
	};
	rootObject = 84A93C621BD5C16100A3FD43 /* Project object */;
}
